// !$*UTF8*$!
{
	archiveVersion = 1;
	classes = {
	};
	objectVersion = 50;
	objects = {

/* Begin PBXBuildFile section */
		5B08E46A26C230A200B4914A /* AppDelegate.swift in Sources */ = {isa = PBXBuildFile; fileRef = 5B08E46926C230A200B4914A /* AppDelegate.swift */; };
		5B08E46E26C230A200B4914A /* ViewController.swift in Sources */ = {isa = PBXBuildFile; fileRef = 5B08E46D26C230A200B4914A /* ViewController.swift */; };
		5B08E47326C230A400B4914A /* Assets.xcassets in Resources */ = {isa = PBXBuildFile; fileRef = 5B08E47226C230A400B4914A /* Assets.xcassets */; };
		5B08E47626C230A400B4914A /* LaunchScreen.storyboard in Resources */ = {isa = PBXBuildFile; fileRef = 5B08E47426C230A400B4914A /* LaunchScreen.storyboard */; };
		5B093CC226C3BBAB00674D25 /* UserListPresenter.swift in Sources */ = {isa = PBXBuildFile; fileRef = 5B093CBB26C3BBAB00674D25 /* UserListPresenter.swift */; };
		5B093CC326C3BBAB00674D25 /* UserListController.swift in Sources */ = {isa = PBXBuildFile; fileRef = 5B093CBD26C3BBAB00674D25 /* UserListController.swift */; };
		5B093CC426C3BBAB00674D25 /* UserListInteractor.swift in Sources */ = {isa = PBXBuildFile; fileRef = 5B093CBF26C3BBAB00674D25 /* UserListInteractor.swift */; };
		5B093CC526C3BBAB00674D25 /* UserListRouter.swift in Sources */ = {isa = PBXBuildFile; fileRef = 5B093CC126C3BBAB00674D25 /* UserListRouter.swift */; };
/* End PBXBuildFile section */

/* Begin PBXFileReference section */
		5B08E46626C230A200B4914A /* VIP-Implementation-Swift.app */ = {isa = PBXFileReference; explicitFileType = wrapper.application; includeInIndex = 0; path = "VIP-Implementation-Swift.app"; sourceTree = BUILT_PRODUCTS_DIR; };
		5B08E46926C230A200B4914A /* AppDelegate.swift */ = {isa = PBXFileReference; lastKnownFileType = sourcecode.swift; path = AppDelegate.swift; sourceTree = "<group>"; };
		5B08E46D26C230A200B4914A /* ViewController.swift */ = {isa = PBXFileReference; lastKnownFileType = sourcecode.swift; path = ViewController.swift; sourceTree = "<group>"; };
		5B08E47226C230A400B4914A /* Assets.xcassets */ = {isa = PBXFileReference; lastKnownFileType = folder.assetcatalog; path = Assets.xcassets; sourceTree = "<group>"; };
		5B08E47526C230A400B4914A /* Base */ = {isa = PBXFileReference; lastKnownFileType = file.storyboard; name = Base; path = Base.lproj/LaunchScreen.storyboard; sourceTree = "<group>"; };
		5B08E47726C230A400B4914A /* Info.plist */ = {isa = PBXFileReference; lastKnownFileType = text.plist.xml; path = Info.plist; sourceTree = "<group>"; };
		5B093CBB26C3BBAB00674D25 /* UserListPresenter.swift */ = {isa = PBXFileReference; fileEncoding = 4; lastKnownFileType = sourcecode.swift; path = UserListPresenter.swift; sourceTree = "<group>"; };
		5B093CBD26C3BBAB00674D25 /* UserListController.swift */ = {isa = PBXFileReference; fileEncoding = 4; lastKnownFileType = sourcecode.swift; path = UserListController.swift; sourceTree = "<group>"; };
		5B093CBF26C3BBAB00674D25 /* UserListInteractor.swift */ = {isa = PBXFileReference; fileEncoding = 4; lastKnownFileType = sourcecode.swift; path = UserListInteractor.swift; sourceTree = "<group>"; };
		5B093CC126C3BBAB00674D25 /* UserListRouter.swift */ = {isa = PBXFileReference; fileEncoding = 4; lastKnownFileType = sourcecode.swift; path = UserListRouter.swift; sourceTree = "<group>"; };
/* End PBXFileReference section */

/* Begin PBXFrameworksBuildPhase section */
		5B08E46326C230A200B4914A /* Frameworks */ = {
			isa = PBXFrameworksBuildPhase;
			buildActionMask = 2147483647;
			files = (
			);
			runOnlyForDeploymentPostprocessing = 0;
		};
/* End PBXFrameworksBuildPhase section */

/* Begin PBXGroup section */
		5B08E45D26C230A200B4914A = {
			isa = PBXGroup;
			children = (
				5B08E46826C230A200B4914A /* VIP-Implementation-Swift */,
				5B08E46726C230A200B4914A /* Products */,
			);
			sourceTree = "<group>";
		};
		5B08E46726C230A200B4914A /* Products */ = {
			isa = PBXGroup;
			children = (
				5B08E46626C230A200B4914A /* VIP-Implementation-Swift.app */,
			);
			name = Products;
			sourceTree = "<group>";
		};
		5B08E46826C230A200B4914A /* VIP-Implementation-Swift */ = {
			isa = PBXGroup;
			children = (
				5B093CC626C3BD3100674D25 /* Modules */,
				5B08E46926C230A200B4914A /* AppDelegate.swift */,
				5B08E46D26C230A200B4914A /* ViewController.swift */,
				5B08E47226C230A400B4914A /* Assets.xcassets */,
				5B08E47426C230A400B4914A /* LaunchScreen.storyboard */,
				5B08E47726C230A400B4914A /* Info.plist */,
			);
			path = "VIP-Implementation-Swift";
			sourceTree = "<group>";
		};
		5B093CB926C3BBAB00674D25 /* UserList */ = {
			isa = PBXGroup;
			children = (
				5B093CBA26C3BBAB00674D25 /* Presenter */,
				5B093CBC26C3BBAB00674D25 /* View */,
				5B093CBE26C3BBAB00674D25 /* Interactor */,
				5B093CC026C3BBAB00674D25 /* Router */,
			);
			path = UserList;
			sourceTree = "<group>";
		};
		5B093CBA26C3BBAB00674D25 /* Presenter */ = {
			isa = PBXGroup;
			children = (
				5B093CBB26C3BBAB00674D25 /* UserListPresenter.swift */,
			);
			path = Presenter;
			sourceTree = "<group>";
		};
		5B093CBC26C3BBAB00674D25 /* View */ = {
			isa = PBXGroup;
			children = (
				5B093CBD26C3BBAB00674D25 /* UserListController.swift */,
			);
			path = View;
			sourceTree = "<group>";
		};
		5B093CBE26C3BBAB00674D25 /* Interactor */ = {
			isa = PBXGroup;
			children = (
				5B093CBF26C3BBAB00674D25 /* UserListInteractor.swift */,
			);
			path = Interactor;
			sourceTree = "<group>";
		};
		5B093CC026C3BBAB00674D25 /* Router */ = {
			isa = PBXGroup;
			children = (
				5B093CC126C3BBAB00674D25 /* UserListRouter.swift */,
			);
			path = Router;
			sourceTree = "<group>";
		};
		5B093CC626C3BD3100674D25 /* Modules */ = {
			isa = PBXGroup;
			children = (
				5B093CB926C3BBAB00674D25 /* UserList */,
			);
			path = Modules;
			sourceTree = "<group>";
		};
/* End PBXGroup section */

/* Begin PBXNativeTarget section */
		5B08E46526C230A200B4914A /* VIP-Implementation-Swift */ = {
			isa = PBXNativeTarget;
			buildConfigurationList = 5B08E47A26C230A400B4914A /* Build configuration list for PBXNativeTarget "VIP-Implementation-Swift" */;
			buildPhases = (
				5B08E46226C230A200B4914A /* Sources */,
				5B08E46326C230A200B4914A /* Frameworks */,
				5B08E46426C230A200B4914A /* Resources */,
			);
			buildRules = (
			);
			dependencies = (
			);
			name = "VIP-Implementation-Swift";
			productName = "VIP-Implementation-Swift";
			productReference = 5B08E46626C230A200B4914A /* VIP-Implementation-Swift.app */;
			productType = "com.apple.product-type.application";
		};
/* End PBXNativeTarget section */

/* Begin PBXProject section */
		5B08E45E26C230A200B4914A /* Project object */ = {
			isa = PBXProject;
			attributes = {
				LastSwiftUpdateCheck = 1250;
				LastUpgradeCheck = 1250;
				TargetAttributes = {
					5B08E46526C230A200B4914A = {
						CreatedOnToolsVersion = 12.5.1;
					};
				};
			};
			buildConfigurationList = 5B08E46126C230A200B4914A /* Build configuration list for PBXProject "VIP-Implementation-Swift" */;
			compatibilityVersion = "Xcode 9.3";
			developmentRegion = en;
			hasScannedForEncodings = 0;
			knownRegions = (
				en,
				Base,
			);
			mainGroup = 5B08E45D26C230A200B4914A;
			productRefGroup = 5B08E46726C230A200B4914A /* Products */;
			projectDirPath = "";
			projectRoot = "";
			targets = (
				5B08E46526C230A200B4914A /* VIP-Implementation-Swift */,
			);
		};
/* End PBXProject section */

/* Begin PBXResourcesBuildPhase section */
		5B08E46426C230A200B4914A /* Resources */ = {
			isa = PBXResourcesBuildPhase;
			buildActionMask = 2147483647;
			files = (
				5B08E47626C230A400B4914A /* LaunchScreen.storyboard in Resources */,
				5B08E47326C230A400B4914A /* Assets.xcassets in Resources */,
			);
			runOnlyForDeploymentPostprocessing = 0;
		};
/* End PBXResourcesBuildPhase section */

/* Begin PBXSourcesBuildPhase section */
		5B08E46226C230A200B4914A /* Sources */ = {
			isa = PBXSourcesBuildPhase;
			buildActionMask = 2147483647;
			files = (
				5B08E46E26C230A200B4914A /* ViewController.swift in Sources */,
				5B093CC226C3BBAB00674D25 /* UserListPresenter.swift in Sources */,
				5B093CC426C3BBAB00674D25 /* UserListInteractor.swift in Sources */,
				5B093CC526C3BBAB00674D25 /* UserListRouter.swift in Sources */,
				5B093CC326C3BBAB00674D25 /* UserListController.swift in Sources */,
				5B08E46A26C230A200B4914A /* AppDelegate.swift in Sources */,
			);
			runOnlyForDeploymentPostprocessing = 0;
		};
/* End PBXSourcesBuildPhase section */

/* Begin PBXVariantGroup section */
		5B08E47426C230A400B4914A /* LaunchScreen.storyboard */ = {
			isa = PBXVariantGroup;
			children = (
				5B08E47526C230A400B4914A /* Base */,
			);
			name = LaunchScreen.storyboard;
			sourceTree = "<group>";
		};
/* End PBXVariantGroup section */

/* Begin XCBuildConfiguration section */
		5B08E47826C230A400B4914A /* Debug */ = {
			isa = XCBuildConfiguration;
			buildSettings = {
				ALWAYS_SEARCH_USER_PATHS = NO;
				CLANG_ANALYZER_NONNULL = YES;
				CLANG_ANALYZER_NUMBER_OBJECT_CONVERSION = YES_AGGRESSIVE;
				CLANG_CXX_LANGUAGE_STANDARD = "gnu++14";
				CLANG_CXX_LIBRARY = "libc++";
				CLANG_ENABLE_MODULES = YES;
				CLANG_ENABLE_OBJC_ARC = YES;
				CLANG_ENABLE_OBJC_WEAK = YES;
				CLANG_WARN_BLOCK_CAPTURE_AUTORELEASING = YES;
				CLANG_WARN_BOOL_CONVERSION = YES;
				CLANG_WARN_COMMA = YES;
				CLANG_WARN_CONSTANT_CONVERSION = YES;
				CLANG_WARN_DEPRECATED_OBJC_IMPLEMENTATIONS = YES;
				CLANG_WARN_DIRECT_OBJC_ISA_USAGE = YES_ERROR;
				CLANG_WARN_DOCUMENTATION_COMMENTS = YES;
				CLANG_WARN_EMPTY_BODY = YES;
				CLANG_WARN_ENUM_CONVERSION = YES;
				CLANG_WARN_INFINITE_RECURSION = YES;
				CLANG_WARN_INT_CONVERSION = YES;
				CLANG_WARN_NON_LITERAL_NULL_CONVERSION = YES;
				CLANG_WARN_OBJC_IMPLICIT_RETAIN_SELF = YES;
				CLANG_WARN_OBJC_LITERAL_CONVERSION = YES;
				CLANG_WARN_OBJC_ROOT_CLASS = YES_ERROR;
				CLANG_WARN_QUOTED_INCLUDE_IN_FRAMEWORK_HEADER = YES;
				CLANG_WARN_RANGE_LOOP_ANALYSIS = YES;
				CLANG_WARN_STRICT_PROTOTYPES = YES;
				CLANG_WARN_SUSPICIOUS_MOVE = YES;
				CLANG_WARN_UNGUARDED_AVAILABILITY = YES_AGGRESSIVE;
				CLANG_WARN_UNREACHABLE_CODE = YES;
				CLANG_WARN__DUPLICATE_METHOD_MATCH = YES;
				COPY_PHASE_STRIP = NO;
				DEBUG_INFORMATION_FORMAT = dwarf;
				ENABLE_STRICT_OBJC_MSGSEND = YES;
				ENABLE_TESTABILITY = YES;
				GCC_C_LANGUAGE_STANDARD = gnu11;
				GCC_DYNAMIC_NO_PIC = NO;
				GCC_NO_COMMON_BLOCKS = YES;
				GCC_OPTIMIZATION_LEVEL = 0;
				GCC_PREPROCESSOR_DEFINITIONS = (
					"DEBUG=1",
					"$(inherited)",
				);
				GCC_WARN_64_TO_32_BIT_CONVERSION = YES;
				GCC_WARN_ABOUT_RETURN_TYPE = YES_ERROR;
				GCC_WARN_UNDECLARED_SELECTOR = YES;
				GCC_WARN_UNINITIALIZED_AUTOS = YES_AGGRESSIVE;
				GCC_WARN_UNUSED_FUNCTION = YES;
				GCC_WARN_UNUSED_VARIABLE = YES;
				IPHONEOS_DEPLOYMENT_TARGET = 14.5;
				MTL_ENABLE_DEBUG_INFO = INCLUDE_SOURCE;
				MTL_FAST_MATH = YES;
				ONLY_ACTIVE_ARCH = YES;
				SDKROOT = iphoneos;
				SWIFT_ACTIVE_COMPILATION_CONDITIONS = DEBUG;
				SWIFT_OPTIMIZATION_LEVEL = "-Onone";
			};
			name = Debug;
		};
		5B08E47926C230A400B4914A /* Release */ = {
			isa = XCBuildConfiguration;
			buildSettings = {
				ALWAYS_SEARCH_USER_PATHS = NO;
				CLANG_ANALYZER_NONNULL = YES;
				CLANG_ANALYZER_NUMBER_OBJECT_CONVERSION = YES_AGGRESSIVE;
				CLANG_CXX_LANGUAGE_STANDARD = "gnu++14";
				CLANG_CXX_LIBRARY = "libc++";
				CLANG_ENABLE_MODULES = YES;
				CLANG_ENABLE_OBJC_ARC = YES;
				CLANG_ENABLE_OBJC_WEAK = YES;
				CLANG_WARN_BLOCK_CAPTURE_AUTORELEASING = YES;
				CLANG_WARN_BOOL_CONVERSION = YES;
				CLANG_WARN_COMMA = YES;
				CLANG_WARN_CONSTANT_CONVERSION = YES;
				CLANG_WARN_DEPRECATED_OBJC_IMPLEMENTATIONS = YES;
				CLANG_WARN_DIRECT_OBJC_ISA_USAGE = YES_ERROR;
				CLANG_WARN_DOCUMENTATION_COMMENTS = YES;
				CLANG_WARN_EMPTY_BODY = YES;
				CLANG_WARN_ENUM_CONVERSION = YES;
				CLANG_WARN_INFINITE_RECURSION = YES;
				CLANG_WARN_INT_CONVERSION = YES;
				CLANG_WARN_NON_LITERAL_NULL_CONVERSION = YES;
				CLANG_WARN_OBJC_IMPLICIT_RETAIN_SELF = YES;
				CLANG_WARN_OBJC_LITERAL_CONVERSION = YES;
				CLANG_WARN_OBJC_ROOT_CLASS = YES_ERROR;
				CLANG_WARN_QUOTED_INCLUDE_IN_FRAMEWORK_HEADER = YES;
				CLANG_WARN_RANGE_LOOP_ANALYSIS = YES;
				CLANG_WARN_STRICT_PROTOTYPES = YES;
				CLANG_WARN_SUSPICIOUS_MOVE = YES;
				CLANG_WARN_UNGUARDED_AVAILABILITY = YES_AGGRESSIVE;
				CLANG_WARN_UNREACHABLE_CODE = YES;
				CLANG_WARN__DUPLICATE_METHOD_MATCH = YES;
				COPY_PHASE_STRIP = NO;
				DEBUG_INFORMATION_FORMAT = "dwarf-with-dsym";
				ENABLE_NS_ASSERTIONS = NO;
				ENABLE_STRICT_OBJC_MSGSEND = YES;
				GCC_C_LANGUAGE_STANDARD = gnu11;
				GCC_NO_COMMON_BLOCKS = YES;
				GCC_WARN_64_TO_32_BIT_CONVERSION = YES;
				GCC_WARN_ABOUT_RETURN_TYPE = YES_ERROR;
				GCC_WARN_UNDECLARED_SELECTOR = YES;
				GCC_WARN_UNINITIALIZED_AUTOS = YES_AGGRESSIVE;
				GCC_WARN_UNUSED_FUNCTION = YES;
				GCC_WARN_UNUSED_VARIABLE = YES;
				IPHONEOS_DEPLOYMENT_TARGET = 14.5;
				MTL_ENABLE_DEBUG_INFO = NO;
				MTL_FAST_MATH = YES;
				SDKROOT = iphoneos;
				SWIFT_COMPILATION_MODE = wholemodule;
				SWIFT_OPTIMIZATION_LEVEL = "-O";
				VALIDATE_PRODUCT = YES;
			};
			name = Release;
		};
		5B08E47B26C230A400B4914A /* Debug */ = {
			isa = XCBuildConfiguration;
			buildSettings = {
				ASSETCATALOG_COMPILER_APPICON_NAME = AppIcon;
				ASSETCATALOG_COMPILER_GLOBAL_ACCENT_COLOR_NAME = AccentColor;
				CODE_SIGN_STYLE = Automatic;
				INFOPLIST_FILE = "VIP-Implementation-Swift/Info.plist";
				IPHONEOS_DEPLOYMENT_TARGET = 11.0;
				LD_RUNPATH_SEARCH_PATHS = (
					"$(inherited)",
					"@executable_path/Frameworks",
				);
				PRODUCT_BUNDLE_IDENTIFIER = "com.duytt.VIP-Implementation-Swift";
				PRODUCT_NAME = "$(TARGET_NAME)";
				SWIFT_VERSION = 5.0;
				TARGETED_DEVICE_FAMILY = "1,2";
			};
			name = Debug;
		};
		5B08E47C26C230A400B4914A /* Release */ = {
			isa = XCBuildConfiguration;
			buildSettings = {
				ASSETCATALOG_COMPILER_APPICON_NAME = AppIcon;
				ASSETCATALOG_COMPILER_GLOBAL_ACCENT_COLOR_NAME = AccentColor;
				CODE_SIGN_STYLE = Automatic;
				INFOPLIST_FILE = "VIP-Implementation-Swift/Info.plist";
				IPHONEOS_DEPLOYMENT_TARGET = 11.0;
				LD_RUNPATH_SEARCH_PATHS = (
					"$(inherited)",
					"@executable_path/Frameworks",
				);
				PRODUCT_BUNDLE_IDENTIFIER = "com.duytt.VIP-Implementation-Swift";
				PRODUCT_NAME = "$(TARGET_NAME)";
				SWIFT_VERSION = 5.0;
				TARGETED_DEVICE_FAMILY = "1,2";
			};
			name = Release;
		};
/* End XCBuildConfiguration section */

/* Begin XCConfigurationList section */
		5B08E46126C230A200B4914A /* Build configuration list for PBXProject "VIP-Implementation-Swift" */ = {
			isa = XCConfigurationList;
			buildConfigurations = (
				5B08E47826C230A400B4914A /* Debug */,
				5B08E47926C230A400B4914A /* Release */,
			);
			defaultConfigurationIsVisible = 0;
			defaultConfigurationName = Release;
		};
		5B08E47A26C230A400B4914A /* Build configuration list for PBXNativeTarget "VIP-Implementation-Swift" */ = {
			isa = XCConfigurationList;
			buildConfigurations = (
				5B08E47B26C230A400B4914A /* Debug */,
				5B08E47C26C230A400B4914A /* Release */,
			);
			defaultConfigurationIsVisible = 0;
			defaultConfigurationName = Release;
		};
/* End XCConfigurationList section */
	};
	rootObject = 5B08E45E26C230A200B4914A /* Project object */;
}
